
Microsoft Visual Studio Solution File, Format Version 12.00
# Visual Studio Version 16
VisualStudioVersion = 16.0.31402.337
MinimumVisualStudioVersion = 10.0.40219.1
Project("{FAE04EC0-301F-11D3-BF4B-00C04F79EFBC}") = "OQueAssistir", "OQueAssistir\OQueAssistir.csproj", "{740A7FEA-E07C-4E25-A6E4-E409FD74B0DA}"
EndProject
Project("{54435603-DBB4-11D2-8724-00A0C9A8B90C}") = "Instalador OQA", "Instalador\Instalador OQA\Instalador OQA.vdproj", "{56E5C50D-4CFE-4BD2-9675-B4A259ABDDC4}"
EndProject
Global
	GlobalSection(SolutionConfigurationPlatforms) = preSolution
		Debug|Any CPU = Debug|Any CPU
		Release|Any CPU = Release|Any CPU
	EndGlobalSection
	GlobalSection(ProjectConfigurationPlatforms) = postSolution
		{740A7FEA-E07C-4E25-A6E4-E409FD74B0DA}.Debug|Any CPU.ActiveCfg = Debug|Any CPU
		{740A7FEA-E07C-4E25-A6E4-E409FD74B0DA}.Debug|Any CPU.Build.0 = Debug|Any CPU
		{740A7FEA-E07C-4E25-A6E4-E409FD74B0DA}.Release|Any CPU.ActiveCfg = Release|Any CPU
		{740A7FEA-E07C-4E25-A6E4-E409FD74B0DA}.Release|Any CPU.Build.0 = Release|Any CPU
		{56E5C50D-4CFE-4BD2-9675-B4A259ABDDC4}.Debug|Any CPU.ActiveCfg = Debug
		{56E5C50D-4CFE-4BD2-9675-B4A259ABDDC4}.Release|Any CPU.ActiveCfg = Release
	EndGlobalSection
	GlobalSection(SolutionProperties) = preSolution
		HideSolutionNode = FALSE
	EndGlobalSection
	GlobalSection(ExtensibilityGlobals) = postSolution
		SolutionGuid = {81A7C982-ADFE-416D-8E12-CB635E01E068}
	EndGlobalSection
EndGlobal
